PODS:
  - AFNetworking (2.0.3):
    - AFNetworking/NSURLConnection
    - AFNetworking/NSURLSession
    - AFNetworking/Reachability
    - AFNetworking/Security
    - AFNetworking/Serialization
    - AFNetworking/UIKit
  - AFNetworking/NSURLConnection (2.0.3):
    - AFNetworking/Reachability
    - AFNetworking/Security
    - AFNetworking/Serialization
  - AFNetworking/NSURLSession (2.0.3):
    - AFNetworking/NSURLConnection
  - AFNetworking/Reachability (2.0.3)
  - AFNetworking/Security (2.0.3)
  - AFNetworking/Serialization (2.0.3)
  - AFNetworking/UIKit (2.0.3):
    - AFNetworking/NSURLConnection
  - FlurrySDK (4.3.2)
  - MFSideMenu (0.5.4)
  - MGSplitViewController (1.0.0)
  - RaptureXML (1.0.1)
  - YandexMapKit (1.0.5)

DEPENDENCIES:
  - AFNetworking (~> 2.0.3)
  - FlurrySDK (~> 4.3.1)
  - MFSideMenu (~> 0.5.4)
  - MGSplitViewController (~> 1.0.0)
  - RaptureXML (~> 1.0.1)
  - YandexMapKit (~> 1.0.5)

SPEC CHECKSUMS:
  AFNetworking: e499052cbf3d743e9bb727bb37adb9dc2547ba15
  FlurrySDK: 508afbd655fe2ff935d3e9543cb1c8aa432794de
  MFSideMenu: f59e25c080097a701e108459c207fb22e1f62c30
  MGSplitViewController: bb9408953857b1c89d4a8db41fbbaa56a4bf889d
  RaptureXML: ef017fda62eb95c60300108366d1f0cd0c28cbd4
  YandexMapKit: 39bf4861f552f727be19cc8eb7584c8ab331f505

COCOAPODS: 0.28.0
