// !$*UTF8*$!
{
	archiveVersion = 1;
	classes = {
	};
	objectVersion = 46;
	objects = {

/* Begin PBXBuildFile section */
		70043F811855A70A006138CC /* Foundation.framework in Frameworks */ = {isa = PBXBuildFile; fileRef = 70043F801855A70A006138CC /* Foundation.framework */; };
		70043F831855A70A006138CC /* CoreGraphics.framework in Frameworks */ = {isa = PBXBuildFile; fileRef = 70043F821855A70A006138CC /* CoreGraphics.framework */; };
		70043F851855A70A006138CC /* UIKit.framework in Frameworks */ = {isa = PBXBuildFile; fileRef = 70043F841855A70A006138CC /* UIKit.framework */; };
		70043F8B1855A70A006138CC /* InfoPlist.strings in Resources */ = {isa = PBXBuildFile; fileRef = 70043F891855A70A006138CC /* InfoPlist.strings */; };
		70043F8D1855A70A006138CC /* main.m in Sources */ = {isa = PBXBuildFile; fileRef = 70043F8C1855A70A006138CC /* main.m */; };
		70043F911855A70A006138CC /* AppDelegate.m in Sources */ = {isa = PBXBuildFile; fileRef = 70043F901855A70A006138CC /* AppDelegate.m */; };
		70043F971855A70A006138CC /* ViewController.m in Sources */ = {isa = PBXBuildFile; fileRef = 70043F961855A70A006138CC /* ViewController.m */; };
		70043F991855A70A006138CC /* Images.xcassets in Resources */ = {isa = PBXBuildFile; fileRef = 70043F981855A70A006138CC /* Images.xcassets */; };
		70043FA01855A70A006138CC /* XCTest.framework in Frameworks */ = {isa = PBXBuildFile; fileRef = 70043F9F1855A70A006138CC /* XCTest.framework */; };
		70043FA11855A70A006138CC /* Foundation.framework in Frameworks */ = {isa = PBXBuildFile; fileRef = 70043F801855A70A006138CC /* Foundation.framework */; };
		70043FA21855A70A006138CC /* UIKit.framework in Frameworks */ = {isa = PBXBuildFile; fileRef = 70043F841855A70A006138CC /* UIKit.framework */; };
		70043FAA1855A70A006138CC /* InfoPlist.strings in Resources */ = {isa = PBXBuildFile; fileRef = 70043FA81855A70A006138CC /* InfoPlist.strings */; };
		70043FAC1855A70A006138CC /* CRMTests.m in Sources */ = {isa = PBXBuildFile; fileRef = 70043FAB1855A70A006138CC /* CRMTests.m */; };
		702FEBB018573FC6009A95BA /* ParticipantsViewController.m in Sources */ = {isa = PBXBuildFile; fileRef = 702FEBAE18573FC6009A95BA /* ParticipantsViewController.m */; };
		702FEBB418574392009A95BA /* BrandsViewController.m in Sources */ = {isa = PBXBuildFile; fileRef = 702FEBB318574392009A95BA /* BrandsViewController.m */; };
		702FEBB818574442009A95BA /* NewParticipantViewController.m in Sources */ = {isa = PBXBuildFile; fileRef = 702FEBB618574442009A95BA /* NewParticipantViewController.m */; };
		702FEBB918574442009A95BA /* NewParticipantViewController.xib in Resources */ = {isa = PBXBuildFile; fileRef = 702FEBB718574442009A95BA /* NewParticipantViewController.xib */; };
		702FEBBD18574CA0009A95BA /* NewBrandViewController.m in Sources */ = {isa = PBXBuildFile; fileRef = 702FEBBB18574CA0009A95BA /* NewBrandViewController.m */; };
		702FEBBE18574CA0009A95BA /* NewBrandViewController.xib in Resources */ = {isa = PBXBuildFile; fileRef = 702FEBBC18574CA0009A95BA /* NewBrandViewController.xib */; };
		702FEBC1185752BB009A95BA /* ChoiseTableController.m in Sources */ = {isa = PBXBuildFile; fileRef = 702FEBC0185752BB009A95BA /* ChoiseTableController.m */; };
		702FEBC518585656009A95BA /* LoginViewController.m in Sources */ = {isa = PBXBuildFile; fileRef = 702FEBC318585656009A95BA /* LoginViewController.m */; };
		702FEBC618585656009A95BA /* LoginViewController.xib in Resources */ = {isa = PBXBuildFile; fileRef = 702FEBC418585656009A95BA /* LoginViewController.xib */; };
		702FEBC818586458009A95BA /* Users.json in Resources */ = {isa = PBXBuildFile; fileRef = 702FEBC718586458009A95BA /* Users.json */; };
		702FEBD11858759D009A95BA /* SaleCell.m in Sources */ = {isa = PBXBuildFile; fileRef = 702FEBD01858759D009A95BA /* SaleCell.m */; };
		702FEBD3185875B6009A95BA /* SaleCell.xib in Resources */ = {isa = PBXBuildFile; fileRef = 702FEBD2185875B6009A95BA /* SaleCell.xib */; };
		702FEBD51858A3E2009A95BA /* CoreData.framework in Frameworks */ = {isa = PBXBuildFile; fileRef = 702FEBD41858A3E2009A95BA /* CoreData.framework */; };
		702FEBD81858A6B7009A95BA /* MainDatabase.xcdatamodeld in Sources */ = {isa = PBXBuildFile; fileRef = 702FEBD61858A6B7009A95BA /* MainDatabase.xcdatamodeld */; };
		702FEBE91858AA2D009A95BA /* Conference.m in Sources */ = {isa = PBXBuildFile; fileRef = 702FEBDA1858AA2D009A95BA /* Conference.m */; };
		702FEBEA1858AA2D009A95BA /* Visit.m in Sources */ = {isa = PBXBuildFile; fileRef = 702FEBDC1858AA2D009A95BA /* Visit.m */; };
		702FEBEC1858AA2D009A95BA /* Pharmacy.m in Sources */ = {isa = PBXBuildFile; fileRef = 702FEBE01858AA2D009A95BA /* Pharmacy.m */; };
		702FEBED1858AA2D009A95BA /* Drug.m in Sources */ = {isa = PBXBuildFile; fileRef = 702FEBE21858AA2D009A95BA /* Drug.m */; };
		702FEBEE1858AA2D009A95BA /* Sale.m in Sources */ = {isa = PBXBuildFile; fileRef = 702FEBE41858AA2D009A95BA /* Sale.m */; };
		702FEBEF1858AA2D009A95BA /* Participant.m in Sources */ = {isa = PBXBuildFile; fileRef = 702FEBE61858AA2D009A95BA /* Participant.m */; };
		702FEBF01858AA2D009A95BA /* Brand.m in Sources */ = {isa = PBXBuildFile; fileRef = 702FEBE81858AA2D009A95BA /* Brand.m */; };
		702FEBF61858ADCC009A95BA /* User.m in Sources */ = {isa = PBXBuildFile; fileRef = 702FEBF51858ADCC009A95BA /* User.m */; };
		70541E671886895600B9C64A /* VisitsCell.m in Sources */ = {isa = PBXBuildFile; fileRef = 70541E661886895600B9C64A /* VisitsCell.m */; };
		70541E691886896700B9C64A /* VisitsCell.xib in Resources */ = {isa = PBXBuildFile; fileRef = 70541E681886896700B9C64A /* VisitsCell.xib */; };
		70541E6D1886C36D00B9C64A /* PharmaciesCell.m in Sources */ = {isa = PBXBuildFile; fileRef = 70541E6B1886C36D00B9C64A /* PharmaciesCell.m */; };
		70541E6E1886C36D00B9C64A /* PharmaciesCell.xib in Resources */ = {isa = PBXBuildFile; fileRef = 70541E6C1886C36D00B9C64A /* PharmaciesCell.xib */; };
		70541E701886CEFE00B9C64A /* ParticipantsViewController.xib in Resources */ = {isa = PBXBuildFile; fileRef = 70541E6F1886CEFE00B9C64A /* ParticipantsViewController.xib */; };
		70541E741886D36A00B9C64A /* ParticipantCell.m in Sources */ = {isa = PBXBuildFile; fileRef = 70541E721886D36A00B9C64A /* ParticipantCell.m */; };
		70541E751886D36A00B9C64A /* ParticipantCell.xib in Resources */ = {isa = PBXBuildFile; fileRef = 70541E731886D36A00B9C64A /* ParticipantCell.xib */; };
		70541E771886D86000B9C64A /* BrandsViewController.xib in Resources */ = {isa = PBXBuildFile; fileRef = 70541E761886D86000B9C64A /* BrandsViewController.xib */; };
		70541E7A1887B9C100B9C64A /* SelectPharmacyViewController.m in Sources */ = {isa = PBXBuildFile; fileRef = 70541E791887B9C100B9C64A /* SelectPharmacyViewController.m */; };
		70541E7C1887D35D00B9C64A /* SelectPharmacyViewController.xib in Resources */ = {isa = PBXBuildFile; fileRef = 70541E7B1887D35C00B9C64A /* SelectPharmacyViewController.xib */; };
		705B7A3C18841A06004F015F /* UIViewController+ShowModalFromView.m in Sources */ = {isa = PBXBuildFile; fileRef = 705B7A3B18841A06004F015F /* UIViewController+ShowModalFromView.m */; };
		706745B61887EFDD00022D6B /* PopoverController.xib in Resources */ = {isa = PBXBuildFile; fileRef = 706745B51887EFDD00022D6B /* PopoverController.xib */; };
		706745BE18881D9E00022D6B /* ModalNavigationController.m in Sources */ = {isa = PBXBuildFile; fileRef = 706745BD18881D9E00022D6B /* ModalNavigationController.m */; };
		706745D61889796400022D6B /* TopicSideCell.m in Sources */ = {isa = PBXBuildFile; fileRef = 706745D51889796400022D6B /* TopicSideCell.m */; };
		706745D81889798900022D6B /* TopicSideCell.xib in Resources */ = {isa = PBXBuildFile; fileRef = 706745D71889798900022D6B /* TopicSideCell.xib */; };
		7071FFCA18560D4500EF352D /* SalesViewController.m in Sources */ = {isa = PBXBuildFile; fileRef = 7071FFC818560D4500EF352D /* SalesViewController.m */; };
		7071FFCB18560D4500EF352D /* SalesViewController.xib in Resources */ = {isa = PBXBuildFile; fileRef = 7071FFC918560D4500EF352D /* SalesViewController.xib */; };
		7071FFCF185612C700EF352D /* PharmacyViewController.m in Sources */ = {isa = PBXBuildFile; fileRef = 7071FFCD185612C700EF352D /* PharmacyViewController.m */; };
		7071FFD0185612C700EF352D /* PharmacyViewController.xib in Resources */ = {isa = PBXBuildFile; fileRef = 7071FFCE185612C700EF352D /* PharmacyViewController.xib */; };
		7071FFD3185616FB00EF352D /* CustomSplitController.m in Sources */ = {isa = PBXBuildFile; fileRef = 7071FFD2185616FB00EF352D /* CustomSplitController.m */; };
		7071FFD7185707A300EF352D /* NewVisitViewController.m in Sources */ = {isa = PBXBuildFile; fileRef = 7071FFD5185707A300EF352D /* NewVisitViewController.m */; };
		7071FFD8185707A300EF352D /* NewVisitViewController.xib in Resources */ = {isa = PBXBuildFile; fileRef = 7071FFD6185707A300EF352D /* NewVisitViewController.xib */; };
		7071FFDC185709F300EF352D /* NewPharmacyViewController.m in Sources */ = {isa = PBXBuildFile; fileRef = 7071FFDA185709F300EF352D /* NewPharmacyViewController.m */; };
		7071FFDD185709F300EF352D /* NewPharmacyViewController.xib in Resources */ = {isa = PBXBuildFile; fileRef = 7071FFDB185709F300EF352D /* NewPharmacyViewController.xib */; };
		70A2BA4918630C960028E1E6 /* libstdc++.dylib in Frameworks */ = {isa = PBXBuildFile; fileRef = 70A2BA4718630C960028E1E6 /* libstdc++.dylib */; };
		70A2BA4B18630D100028E1E6 /* libz.dylib in Frameworks */ = {isa = PBXBuildFile; fileRef = 70A2BA4A18630D100028E1E6 /* libz.dylib */; };
		70AEE91D18630D4D00148B0A /* libxml2.dylib in Frameworks */ = {isa = PBXBuildFile; fileRef = 70AEE91C18630D4D00148B0A /* libxml2.dylib */; };
		70AEE9211863103800148B0A /* MapViewController.m in Sources */ = {isa = PBXBuildFile; fileRef = 70AEE91F1863103800148B0A /* MapViewController.m */; };
		70AEE9221863103800148B0A /* MapViewController.xib in Resources */ = {isa = PBXBuildFile; fileRef = 70AEE9201863103800148B0A /* MapViewController.xib */; };
		70B188811864538800C5A211 /* RaptureXMLResponseSerializer.m in Sources */ = {isa = PBXBuildFile; fileRef = 70B188801864538800C5A211 /* RaptureXMLResponseSerializer.m */; };
		70B188881868449300C5A211 /* MapAnnotation.m in Sources */ = {isa = PBXBuildFile; fileRef = 70B188871868449300C5A211 /* MapAnnotation.m */; };
		70C4ADF01855AB3800BD0E8B /* SidePanelController.m in Sources */ = {isa = PBXBuildFile; fileRef = 70C4ADEE1855AB3800BD0E8B /* SidePanelController.m */; };
		70C4ADF11855AB3800BD0E8B /* SidePanelController.xib in Resources */ = {isa = PBXBuildFile; fileRef = 70C4ADEF1855AB3800BD0E8B /* SidePanelController.xib */; };
		70C4ADF51855AB6000BD0E8B /* VisitsViewController.m in Sources */ = {isa = PBXBuildFile; fileRef = 70C4ADF31855AB6000BD0E8B /* VisitsViewController.m */; };
		70C4ADF61855AB6000BD0E8B /* VisitsViewController.xib in Resources */ = {isa = PBXBuildFile; fileRef = 70C4ADF41855AB6000BD0E8B /* VisitsViewController.xib */; };
		70C4ADFA1855ABD300BD0E8B /* VisitViewController.m in Sources */ = {isa = PBXBuildFile; fileRef = 70C4ADF81855ABD300BD0E8B /* VisitViewController.m */; };
		70C4ADFB1855ABD300BD0E8B /* VisitViewController.xib in Resources */ = {isa = PBXBuildFile; fileRef = 70C4ADF91855ABD300BD0E8B /* VisitViewController.xib */; };
		70C4AE031855B4BF00BD0E8B /* PharmaciesViewController.m in Sources */ = {isa = PBXBuildFile; fileRef = 70C4AE011855B4BF00BD0E8B /* PharmaciesViewController.m */; };
		70C4AE041855B4BF00BD0E8B /* PharmaciesViewController.xib in Resources */ = {isa = PBXBuildFile; fileRef = 70C4AE021855B4BF00BD0E8B /* PharmaciesViewController.xib */; };
		70C4AE1F1855E8FB00BD0E8B /* Brands.json in Resources */ = {isa = PBXBuildFile; fileRef = 70C4AE191855E8FB00BD0E8B /* Brands.json */; };
		70C4AE201855E8FB00BD0E8B /* Conferences.json in Resources */ = {isa = PBXBuildFile; fileRef = 70C4AE1A1855E8FB00BD0E8B /* Conferences.json */; };
		70C4AE211855E8FB00BD0E8B /* Drugs.json in Resources */ = {isa = PBXBuildFile; fileRef = 70C4AE1B1855E8FB00BD0E8B /* Drugs.json */; };
		70C4AE221855E8FB00BD0E8B /* Participants.json in Resources */ = {isa = PBXBuildFile; fileRef = 70C4AE1C1855E8FB00BD0E8B /* Participants.json */; };
		70C4AE231855E8FB00BD0E8B /* Pharmacies.json in Resources */ = {isa = PBXBuildFile; fileRef = 70C4AE1D1855E8FB00BD0E8B /* Pharmacies.json */; };
		70C4AE241855E8FB00BD0E8B /* Visits.json in Resources */ = {isa = PBXBuildFile; fileRef = 70C4AE1E1855E8FB00BD0E8B /* Visits.json */; };
		70DE57801862F59A00123B1E /* SaleHeader.xib in Resources */ = {isa = PBXBuildFile; fileRef = 70DE577F1862F59A00123B1E /* SaleHeader.xib */; };
		E409309283D4489A899AFC48 /* libPods.a in Frameworks */ = {isa = PBXBuildFile; fileRef = 82182041B3C04DD69CCC4ACA /* libPods.a */; };
/* End PBXBuildFile section */

/* Begin PBXContainerItemProxy section */
		70043FA31855A70A006138CC /* PBXContainerItemProxy */ = {
			isa = PBXContainerItemProxy;
			containerPortal = 70043F751855A70A006138CC /* Project object */;
			proxyType = 1;
			remoteGlobalIDString = 70043F7C1855A70A006138CC;
			remoteInfo = CRM;
		};
/* End PBXContainerItemProxy section */

/* Begin PBXFileReference section */
		52792385F4584DFA8DBE0ED0 /* Pods.xcconfig */ = {isa = PBXFileReference; includeInIndex = 1; lastKnownFileType = text.xcconfig; name = Pods.xcconfig; path = Pods/Pods.xcconfig; sourceTree = "<group>"; };
		70043F7D1855A70A006138CC /* CRM.app */ = {isa = PBXFileReference; explicitFileType = wrapper.application; includeInIndex = 0; path = CRM.app; sourceTree = BUILT_PRODUCTS_DIR; };
		70043F801855A70A006138CC /* Foundation.framework */ = {isa = PBXFileReference; lastKnownFileType = wrapper.framework; name = Foundation.framework; path = System/Library/Frameworks/Foundation.framework; sourceTree = SDKROOT; };
		70043F821855A70A006138CC /* CoreGraphics.framework */ = {isa = PBXFileReference; lastKnownFileType = wrapper.framework; name = CoreGraphics.framework; path = System/Library/Frameworks/CoreGraphics.framework; sourceTree = SDKROOT; };
		70043F841855A70A006138CC /* UIKit.framework */ = {isa = PBXFileReference; lastKnownFileType = wrapper.framework; name = UIKit.framework; path = System/Library/Frameworks/UIKit.framework; sourceTree = SDKROOT; };
		70043F881855A70A006138CC /* CRM-Info.plist */ = {isa = PBXFileReference; lastKnownFileType = text.plist.xml; path = "CRM-Info.plist"; sourceTree = "<group>"; };
		70043F8A1855A70A006138CC /* en */ = {isa = PBXFileReference; lastKnownFileType = text.plist.strings; name = en; path = en.lproj/InfoPlist.strings; sourceTree = "<group>"; };
		70043F8C1855A70A006138CC /* main.m */ = {isa = PBXFileReference; lastKnownFileType = sourcecode.c.objc; path = main.m; sourceTree = "<group>"; };
		70043F8E1855A70A006138CC /* CRM-Prefix.pch */ = {isa = PBXFileReference; lastKnownFileType = sourcecode.c.h; path = "CRM-Prefix.pch"; sourceTree = "<group>"; };
		70043F8F1855A70A006138CC /* AppDelegate.h */ = {isa = PBXFileReference; lastKnownFileType = sourcecode.c.h; path = AppDelegate.h; sourceTree = "<group>"; };
		70043F901855A70A006138CC /* AppDelegate.m */ = {isa = PBXFileReference; lastKnownFileType = sourcecode.c.objc; path = AppDelegate.m; sourceTree = "<group>"; };
		70043F951855A70A006138CC /* ViewController.h */ = {isa = PBXFileReference; lastKnownFileType = sourcecode.c.h; path = ViewController.h; sourceTree = "<group>"; };
		70043F961855A70A006138CC /* ViewController.m */ = {isa = PBXFileReference; lastKnownFileType = sourcecode.c.objc; path = ViewController.m; sourceTree = "<group>"; };
		70043F981855A70A006138CC /* Images.xcassets */ = {isa = PBXFileReference; lastKnownFileType = folder.assetcatalog; path = Images.xcassets; sourceTree = "<group>"; };
		70043F9E1855A70A006138CC /* CRMTests.xctest */ = {isa = PBXFileReference; explicitFileType = wrapper.cfbundle; includeInIndex = 0; path = CRMTests.xctest; sourceTree = BUILT_PRODUCTS_DIR; };
		70043F9F1855A70A006138CC /* XCTest.framework */ = {isa = PBXFileReference; lastKnownFileType = wrapper.framework; name = XCTest.framework; path = Library/Frameworks/XCTest.framework; sourceTree = DEVELOPER_DIR; };
		70043FA71855A70A006138CC /* CRMTests-Info.plist */ = {isa = PBXFileReference; lastKnownFileType = text.plist.xml; path = "CRMTests-Info.plist"; sourceTree = "<group>"; };
		70043FA91855A70A006138CC /* en */ = {isa = PBXFileReference; lastKnownFileType = text.plist.strings; name = en; path = en.lproj/InfoPlist.strings; sourceTree = "<group>"; };
		70043FAB1855A70A006138CC /* CRMTests.m */ = {isa = PBXFileReference; lastKnownFileType = sourcecode.c.objc; path = CRMTests.m; sourceTree = "<group>"; };
		702FEBAD18573FC6009A95BA /* ParticipantsViewController.h */ = {isa = PBXFileReference; fileEncoding = 4; lastKnownFileType = sourcecode.c.h; path = ParticipantsViewController.h; sourceTree = "<group>"; };
		702FEBAE18573FC6009A95BA /* ParticipantsViewController.m */ = {isa = PBXFileReference; fileEncoding = 4; lastKnownFileType = sourcecode.c.objc; path = ParticipantsViewController.m; sourceTree = "<group>"; };
		702FEBB218574392009A95BA /* BrandsViewController.h */ = {isa = PBXFileReference; fileEncoding = 4; lastKnownFileType = sourcecode.c.h; path = BrandsViewController.h; sourceTree = "<group>"; };
		702FEBB318574392009A95BA /* BrandsViewController.m */ = {isa = PBXFileReference; fileEncoding = 4; lastKnownFileType = sourcecode.c.objc; path = BrandsViewController.m; sourceTree = "<group>"; };
		702FEBB518574442009A95BA /* NewParticipantViewController.h */ = {isa = PBXFileReference; fileEncoding = 4; lastKnownFileType = sourcecode.c.h; path = NewParticipantViewController.h; sourceTree = "<group>"; };
		702FEBB618574442009A95BA /* NewParticipantViewController.m */ = {isa = PBXFileReference; fileEncoding = 4; lastKnownFileType = sourcecode.c.objc; path = NewParticipantViewController.m; sourceTree = "<group>"; };
		702FEBB718574442009A95BA /* NewParticipantViewController.xib */ = {isa = PBXFileReference; fileEncoding = 4; lastKnownFileType = file.xib; path = NewParticipantViewController.xib; sourceTree = "<group>"; };
		702FEBBA18574CA0009A95BA /* NewBrandViewController.h */ = {isa = PBXFileReference; fileEncoding = 4; lastKnownFileType = sourcecode.c.h; path = NewBrandViewController.h; sourceTree = "<group>"; };
		702FEBBB18574CA0009A95BA /* NewBrandViewController.m */ = {isa = PBXFileReference; fileEncoding = 4; lastKnownFileType = sourcecode.c.objc; path = NewBrandViewController.m; sourceTree = "<group>"; };
		702FEBBC18574CA0009A95BA /* NewBrandViewController.xib */ = {isa = PBXFileReference; fileEncoding = 4; lastKnownFileType = file.xib; path = NewBrandViewController.xib; sourceTree = "<group>"; };
		702FEBBF185752BB009A95BA /* ChoiseTableController.h */ = {isa = PBXFileReference; fileEncoding = 4; lastKnownFileType = sourcecode.c.h; path = ChoiseTableController.h; sourceTree = "<group>"; };
		702FEBC0185752BB009A95BA /* ChoiseTableController.m */ = {isa = PBXFileReference; fileEncoding = 4; lastKnownFileType = sourcecode.c.objc; path = ChoiseTableController.m; sourceTree = "<group>"; };
		702FEBC218585656009A95BA /* LoginViewController.h */ = {isa = PBXFileReference; fileEncoding = 4; lastKnownFileType = sourcecode.c.h; path = LoginViewController.h; sourceTree = "<group>"; };
		702FEBC318585656009A95BA /* LoginViewController.m */ = {isa = PBXFileReference; fileEncoding = 4; lastKnownFileType = sourcecode.c.objc; path = LoginViewController.m; sourceTree = "<group>"; };
		702FEBC418585656009A95BA /* LoginViewController.xib */ = {isa = PBXFileReference; fileEncoding = 4; lastKnownFileType = file.xib; path = LoginViewController.xib; sourceTree = "<group>"; };
		702FEBC718586458009A95BA /* Users.json */ = {isa = PBXFileReference; fileEncoding = 4; lastKnownFileType = text.json; path = Users.json; sourceTree = "<group>"; };
		702FEBCF1858759D009A95BA /* SaleCell.h */ = {isa = PBXFileReference; fileEncoding = 4; lastKnownFileType = sourcecode.c.h; name = SaleCell.h; path = CRM/SaleCell.h; sourceTree = SOURCE_ROOT; };
		702FEBD01858759D009A95BA /* SaleCell.m */ = {isa = PBXFileReference; fileEncoding = 4; lastKnownFileType = sourcecode.c.objc; name = SaleCell.m; path = CRM/SaleCell.m; sourceTree = SOURCE_ROOT; };
		702FEBD2185875B6009A95BA /* SaleCell.xib */ = {isa = PBXFileReference; fileEncoding = 4; lastKnownFileType = file.xib; path = SaleCell.xib; sourceTree = "<group>"; };
		702FEBD41858A3E2009A95BA /* CoreData.framework */ = {isa = PBXFileReference; lastKnownFileType = wrapper.framework; name = CoreData.framework; path = System/Library/Frameworks/CoreData.framework; sourceTree = SDKROOT; };
		702FEBD71858A6B7009A95BA /* MainDatabase.xcdatamodel */ = {isa = PBXFileReference; lastKnownFileType = wrapper.xcdatamodel; path = MainDatabase.xcdatamodel; sourceTree = "<group>"; };
		702FEBD91858AA2D009A95BA /* Conference.h */ = {isa = PBXFileReference; fileEncoding = 4; lastKnownFileType = sourcecode.c.h; name = Conference.h; path = CRM/Model/Conference.h; sourceTree = "<group>"; };
		702FEBDA1858AA2D009A95BA /* Conference.m */ = {isa = PBXFileReference; fileEncoding = 4; lastKnownFileType = sourcecode.c.objc; name = Conference.m; path = CRM/Model/Conference.m; sourceTree = "<group>"; };
		702FEBDB1858AA2D009A95BA /* Visit.h */ = {isa = PBXFileReference; fileEncoding = 4; lastKnownFileType = sourcecode.c.h; name = Visit.h; path = CRM/Model/Visit.h; sourceTree = "<group>"; };
		702FEBDC1858AA2D009A95BA /* Visit.m */ = {isa = PBXFileReference; fileEncoding = 4; lastKnownFileType = sourcecode.c.objc; name = Visit.m; path = CRM/Model/Visit.m; sourceTree = "<group>"; };
		702FEBDF1858AA2D009A95BA /* Pharmacy.h */ = {isa = PBXFileReference; fileEncoding = 4; lastKnownFileType = sourcecode.c.h; name = Pharmacy.h; path = CRM/Model/Pharmacy.h; sourceTree = "<group>"; };
		702FEBE01858AA2D009A95BA /* Pharmacy.m */ = {isa = PBXFileReference; fileEncoding = 4; lastKnownFileType = sourcecode.c.objc; name = Pharmacy.m; path = CRM/Model/Pharmacy.m; sourceTree = "<group>"; };
		702FEBE11858AA2D009A95BA /* Drug.h */ = {isa = PBXFileReference; fileEncoding = 4; lastKnownFileType = sourcecode.c.h; name = Drug.h; path = CRM/Model/Drug.h; sourceTree = "<group>"; };
		702FEBE21858AA2D009A95BA /* Drug.m */ = {isa = PBXFileReference; fileEncoding = 4; lastKnownFileType = sourcecode.c.objc; name = Drug.m; path = CRM/Model/Drug.m; sourceTree = "<group>"; };
		702FEBE31858AA2D009A95BA /* Sale.h */ = {isa = PBXFileReference; fileEncoding = 4; lastKnownFileType = sourcecode.c.h; name = Sale.h; path = CRM/Model/Sale.h; sourceTree = "<group>"; };
		702FEBE41858AA2D009A95BA /* Sale.m */ = {isa = PBXFileReference; fileEncoding = 4; lastKnownFileType = sourcecode.c.objc; name = Sale.m; path = CRM/Model/Sale.m; sourceTree = "<group>"; };
		702FEBE51858AA2D009A95BA /* Participant.h */ = {isa = PBXFileReference; fileEncoding = 4; lastKnownFileType = sourcecode.c.h; name = Participant.h; path = CRM/Model/Participant.h; sourceTree = "<group>"; };
		702FEBE61858AA2D009A95BA /* Participant.m */ = {isa = PBXFileReference; fileEncoding = 4; lastKnownFileType = sourcecode.c.objc; name = Participant.m; path = CRM/Model/Participant.m; sourceTree = "<group>"; };
		702FEBE71858AA2D009A95BA /* Brand.h */ = {isa = PBXFileReference; fileEncoding = 4; lastKnownFileType = sourcecode.c.h; name = Brand.h; path = CRM/Model/Brand.h; sourceTree = "<group>"; };
		702FEBE81858AA2D009A95BA /* Brand.m */ = {isa = PBXFileReference; fileEncoding = 4; lastKnownFileType = sourcecode.c.objc; name = Brand.m; path = CRM/Model/Brand.m; sourceTree = "<group>"; };
		702FEBF41858ADCC009A95BA /* User.h */ = {isa = PBXFileReference; fileEncoding = 4; lastKnownFileType = sourcecode.c.h; name = User.h; path = CRM/Model/User.h; sourceTree = "<group>"; };
		702FEBF51858ADCC009A95BA /* User.m */ = {isa = PBXFileReference; fileEncoding = 4; lastKnownFileType = sourcecode.c.objc; name = User.m; path = CRM/Model/User.m; sourceTree = "<group>"; };
		70541E651886895600B9C64A /* VisitsCell.h */ = {isa = PBXFileReference; fileEncoding = 4; lastKnownFileType = sourcecode.c.h; path = VisitsCell.h; sourceTree = "<group>"; };
		70541E661886895600B9C64A /* VisitsCell.m */ = {isa = PBXFileReference; fileEncoding = 4; lastKnownFileType = sourcecode.c.objc; path = VisitsCell.m; sourceTree = "<group>"; };
		70541E681886896700B9C64A /* VisitsCell.xib */ = {isa = PBXFileReference; fileEncoding = 4; lastKnownFileType = file.xib; path = VisitsCell.xib; sourceTree = "<group>"; };
		70541E6A1886C36D00B9C64A /* PharmaciesCell.h */ = {isa = PBXFileReference; fileEncoding = 4; lastKnownFileType = sourcecode.c.h; path = PharmaciesCell.h; sourceTree = "<group>"; };
		70541E6B1886C36D00B9C64A /* PharmaciesCell.m */ = {isa = PBXFileReference; fileEncoding = 4; lastKnownFileType = sourcecode.c.objc; path = PharmaciesCell.m; sourceTree = "<group>"; };
		70541E6C1886C36D00B9C64A /* PharmaciesCell.xib */ = {isa = PBXFileReference; fileEncoding = 4; lastKnownFileType = file.xib; path = PharmaciesCell.xib; sourceTree = "<group>"; };
		70541E6F1886CEFE00B9C64A /* ParticipantsViewController.xib */ = {isa = PBXFileReference; fileEncoding = 4; lastKnownFileType = file.xib; path = ParticipantsViewController.xib; sourceTree = "<group>"; };
		70541E711886D36A00B9C64A /* ParticipantCell.h */ = {isa = PBXFileReference; fileEncoding = 4; lastKnownFileType = sourcecode.c.h; path = ParticipantCell.h; sourceTree = "<group>"; };
		70541E721886D36A00B9C64A /* ParticipantCell.m */ = {isa = PBXFileReference; fileEncoding = 4; lastKnownFileType = sourcecode.c.objc; path = ParticipantCell.m; sourceTree = "<group>"; };
		70541E731886D36A00B9C64A /* ParticipantCell.xib */ = {isa = PBXFileReference; fileEncoding = 4; lastKnownFileType = file.xib; path = ParticipantCell.xib; sourceTree = "<group>"; };
		70541E761886D86000B9C64A /* BrandsViewController.xib */ = {isa = PBXFileReference; fileEncoding = 4; lastKnownFileType = file.xib; path = BrandsViewController.xib; sourceTree = "<group>"; };
		70541E781887B9C100B9C64A /* SelectPharmacyViewController.h */ = {isa = PBXFileReference; fileEncoding = 4; lastKnownFileType = sourcecode.c.h; path = SelectPharmacyViewController.h; sourceTree = "<group>"; };
		70541E791887B9C100B9C64A /* SelectPharmacyViewController.m */ = {isa = PBXFileReference; fileEncoding = 4; lastKnownFileType = sourcecode.c.objc; path = SelectPharmacyViewController.m; sourceTree = "<group>"; };
		70541E7B1887D35C00B9C64A /* SelectPharmacyViewController.xib */ = {isa = PBXFileReference; fileEncoding = 4; lastKnownFileType = file.xib; path = SelectPharmacyViewController.xib; sourceTree = "<group>"; };
		705B7A3A188419E7004F015F /* UIViewController+ShowModalFromView.h */ = {isa = PBXFileReference; fileEncoding = 4; lastKnownFileType = sourcecode.c.h; path = "UIViewController+ShowModalFromView.h"; sourceTree = "<group>"; };
		705B7A3B18841A06004F015F /* UIViewController+ShowModalFromView.m */ = {isa = PBXFileReference; fileEncoding = 4; lastKnownFileType = sourcecode.c.objc; path = "UIViewController+ShowModalFromView.m"; sourceTree = "<group>"; };
		706745B51887EFDD00022D6B /* PopoverController.xib */ = {isa = PBXFileReference; fileEncoding = 4; lastKnownFileType = file.xib; path = PopoverController.xib; sourceTree = "<group>"; };
		706745BC18881D9E00022D6B /* ModalNavigationController.h */ = {isa = PBXFileReference; fileEncoding = 4; lastKnownFileType = sourcecode.c.h; path = ModalNavigationController.h; sourceTree = "<group>"; };
		706745BD18881D9E00022D6B /* ModalNavigationController.m */ = {isa = PBXFileReference; fileEncoding = 4; lastKnownFileType = sourcecode.c.objc; path = ModalNavigationController.m; sourceTree = "<group>"; };
		706745D41889796400022D6B /* TopicSideCell.h */ = {isa = PBXFileReference; fileEncoding = 4; lastKnownFileType = sourcecode.c.h; path = TopicSideCell.h; sourceTree = "<group>"; };
		706745D51889796400022D6B /* TopicSideCell.m */ = {isa = PBXFileReference; fileEncoding = 4; lastKnownFileType = sourcecode.c.objc; path = TopicSideCell.m; sourceTree = "<group>"; };
		706745D71889798900022D6B /* TopicSideCell.xib */ = {isa = PBXFileReference; fileEncoding = 4; lastKnownFileType = file.xib; path = TopicSideCell.xib; sourceTree = "<group>"; };
		7071FFC718560D4500EF352D /* SalesViewController.h */ = {isa = PBXFileReference; fileEncoding = 4; lastKnownFileType = sourcecode.c.h; path = SalesViewController.h; sourceTree = "<group>"; };
		7071FFC818560D4500EF352D /* SalesViewController.m */ = {isa = PBXFileReference; fileEncoding = 4; lastKnownFileType = sourcecode.c.objc; path = SalesViewController.m; sourceTree = "<group>"; };
		7071FFC918560D4500EF352D /* SalesViewController.xib */ = {isa = PBXFileReference; fileEncoding = 4; lastKnownFileType = file.xib; path = SalesViewController.xib; sourceTree = "<group>"; };
		7071FFCC185612C700EF352D /* PharmacyViewController.h */ = {isa = PBXFileReference; fileEncoding = 4; lastKnownFileType = sourcecode.c.h; path = PharmacyViewController.h; sourceTree = "<group>"; };
		7071FFCD185612C700EF352D /* PharmacyViewController.m */ = {isa = PBXFileReference; fileEncoding = 4; lastKnownFileType = sourcecode.c.objc; path = PharmacyViewController.m; sourceTree = "<group>"; };
		7071FFCE185612C700EF352D /* PharmacyViewController.xib */ = {isa = PBXFileReference; fileEncoding = 4; lastKnownFileType = file.xib; path = PharmacyViewController.xib; sourceTree = "<group>"; };
		7071FFD1185616FB00EF352D /* CustomSplitController.h */ = {isa = PBXFileReference; fileEncoding = 4; lastKnownFileType = sourcecode.c.h; path = CustomSplitController.h; sourceTree = "<group>"; };
		7071FFD2185616FB00EF352D /* CustomSplitController.m */ = {isa = PBXFileReference; fileEncoding = 4; lastKnownFileType = sourcecode.c.objc; path = CustomSplitController.m; sourceTree = "<group>"; };
		7071FFD4185707A300EF352D /* NewVisitViewController.h */ = {isa = PBXFileReference; fileEncoding = 4; lastKnownFileType = sourcecode.c.h; path = NewVisitViewController.h; sourceTree = "<group>"; };
		7071FFD5185707A300EF352D /* NewVisitViewController.m */ = {isa = PBXFileReference; fileEncoding = 4; lastKnownFileType = sourcecode.c.objc; path = NewVisitViewController.m; sourceTree = "<group>"; };
		7071FFD6185707A300EF352D /* NewVisitViewController.xib */ = {isa = PBXFileReference; fileEncoding = 4; lastKnownFileType = file.xib; path = NewVisitViewController.xib; sourceTree = "<group>"; };
		7071FFD9185709F300EF352D /* NewPharmacyViewController.h */ = {isa = PBXFileReference; fileEncoding = 4; lastKnownFileType = sourcecode.c.h; path = NewPharmacyViewController.h; sourceTree = "<group>"; };
		7071FFDA185709F300EF352D /* NewPharmacyViewController.m */ = {isa = PBXFileReference; fileEncoding = 4; lastKnownFileType = sourcecode.c.objc; path = NewPharmacyViewController.m; sourceTree = "<group>"; };
		7071FFDB185709F300EF352D /* NewPharmacyViewController.xib */ = {isa = PBXFileReference; fileEncoding = 4; lastKnownFileType = file.xib; path = NewPharmacyViewController.xib; sourceTree = "<group>"; };
		70A2BA4618630C960028E1E6 /* libstdc++.6.0.9.dylib */ = {isa = PBXFileReference; lastKnownFileType = "compiled.mach-o.dylib"; name = "libstdc++.6.0.9.dylib"; path = "usr/lib/libstdc++.6.0.9.dylib"; sourceTree = SDKROOT; };
		70A2BA4718630C960028E1E6 /* libstdc++.dylib */ = {isa = PBXFileReference; lastKnownFileType = "compiled.mach-o.dylib"; name = "libstdc++.dylib"; path = "usr/lib/libstdc++.dylib"; sourceTree = SDKROOT; };
		70A2BA4A18630D100028E1E6 /* libz.dylib */ = {isa = PBXFileReference; lastKnownFileType = "compiled.mach-o.dylib"; name = libz.dylib; path = usr/lib/libz.dylib; sourceTree = SDKROOT; };
		70AEE91C18630D4D00148B0A /* libxml2.dylib */ = {isa = PBXFileReference; lastKnownFileType = "compiled.mach-o.dylib"; name = libxml2.dylib; path = usr/lib/libxml2.dylib; sourceTree = SDKROOT; };
		70AEE91E1863103800148B0A /* MapViewController.h */ = {isa = PBXFileReference; fileEncoding = 4; lastKnownFileType = sourcecode.c.h; path = MapViewController.h; sourceTree = "<group>"; };
		70AEE91F1863103800148B0A /* MapViewController.m */ = {isa = PBXFileReference; fileEncoding = 4; lastKnownFileType = sourcecode.c.objc; path = MapViewController.m; sourceTree = "<group>"; };
		70AEE9201863103800148B0A /* MapViewController.xib */ = {isa = PBXFileReference; fileEncoding = 4; lastKnownFileType = file.xib; path = MapViewController.xib; sourceTree = "<group>"; };
		70B1887F1864538800C5A211 /* RaptureXMLResponseSerializer.h */ = {isa = PBXFileReference; fileEncoding = 4; lastKnownFileType = sourcecode.c.h; path = RaptureXMLResponseSerializer.h; sourceTree = "<group>"; };
		70B188801864538800C5A211 /* RaptureXMLResponseSerializer.m */ = {isa = PBXFileReference; fileEncoding = 4; lastKnownFileType = sourcecode.c.objc; path = RaptureXMLResponseSerializer.m; sourceTree = "<group>"; };
		70B188861868449300C5A211 /* MapAnnotation.h */ = {isa = PBXFileReference; fileEncoding = 4; lastKnownFileType = sourcecode.c.h; path = MapAnnotation.h; sourceTree = "<group>"; };
		70B188871868449300C5A211 /* MapAnnotation.m */ = {isa = PBXFileReference; fileEncoding = 4; lastKnownFileType = sourcecode.c.objc; path = MapAnnotation.m; sourceTree = "<group>"; };
		70C4ADED1855AB3800BD0E8B /* SidePanelController.h */ = {isa = PBXFileReference; fileEncoding = 4; lastKnownFileType = sourcecode.c.h; path = SidePanelController.h; sourceTree = "<group>"; };
		70C4ADEE1855AB3800BD0E8B /* SidePanelController.m */ = {isa = PBXFileReference; fileEncoding = 4; lastKnownFileType = sourcecode.c.objc; path = SidePanelController.m; sourceTree = "<group>"; };
		70C4ADEF1855AB3800BD0E8B /* SidePanelController.xib */ = {isa = PBXFileReference; fileEncoding = 4; lastKnownFileType = file.xib; path = SidePanelController.xib; sourceTree = "<group>"; };
		70C4ADF21855AB6000BD0E8B /* VisitsViewController.h */ = {isa = PBXFileReference; fileEncoding = 4; lastKnownFileType = sourcecode.c.h; path = VisitsViewController.h; sourceTree = "<group>"; };
		70C4ADF31855AB6000BD0E8B /* VisitsViewController.m */ = {isa = PBXFileReference; fileEncoding = 4; lastKnownFileType = sourcecode.c.objc; path = VisitsViewController.m; sourceTree = "<group>"; };
		70C4ADF41855AB6000BD0E8B /* VisitsViewController.xib */ = {isa = PBXFileReference; fileEncoding = 4; lastKnownFileType = file.xib; path = VisitsViewController.xib; sourceTree = "<group>"; };
		70C4ADF71855ABD300BD0E8B /* VisitViewController.h */ = {isa = PBXFileReference; fileEncoding = 4; lastKnownFileType = sourcecode.c.h; path = VisitViewController.h; sourceTree = "<group>"; };
		70C4ADF81855ABD300BD0E8B /* VisitViewController.m */ = {isa = PBXFileReference; fileEncoding = 4; lastKnownFileType = sourcecode.c.objc; path = VisitViewController.m; sourceTree = "<group>"; };
		70C4ADF91855ABD300BD0E8B /* VisitViewController.xib */ = {isa = PBXFileReference; fileEncoding = 4; lastKnownFileType = file.xib; path = VisitViewController.xib; sourceTree = "<group>"; };
		70C4AE001855B4BF00BD0E8B /* PharmaciesViewController.h */ = {isa = PBXFileReference; fileEncoding = 4; lastKnownFileType = sourcecode.c.h; path = PharmaciesViewController.h; sourceTree = "<group>"; };
		70C4AE011855B4BF00BD0E8B /* PharmaciesViewController.m */ = {isa = PBXFileReference; fileEncoding = 4; lastKnownFileType = sourcecode.c.objc; path = PharmaciesViewController.m; sourceTree = "<group>"; };
		70C4AE021855B4BF00BD0E8B /* PharmaciesViewController.xib */ = {isa = PBXFileReference; fileEncoding = 4; lastKnownFileType = file.xib; path = PharmaciesViewController.xib; sourceTree = "<group>"; };
		70C4AE191855E8FB00BD0E8B /* Brands.json */ = {isa = PBXFileReference; fileEncoding = 4; lastKnownFileType = text.json; path = Brands.json; sourceTree = "<group>"; };
		70C4AE1A1855E8FB00BD0E8B /* Conferences.json */ = {isa = PBXFileReference; fileEncoding = 4; lastKnownFileType = text.json; path = Conferences.json; sourceTree = "<group>"; };
		70C4AE1B1855E8FB00BD0E8B /* Drugs.json */ = {isa = PBXFileReference; fileEncoding = 4; lastKnownFileType = text.json; path = Drugs.json; sourceTree = "<group>"; };
		70C4AE1C1855E8FB00BD0E8B /* Participants.json */ = {isa = PBXFileReference; fileEncoding = 4; lastKnownFileType = text.json; path = Participants.json; sourceTree = "<group>"; };
		70C4AE1D1855E8FB00BD0E8B /* Pharmacies.json */ = {isa = PBXFileReference; fileEncoding = 4; lastKnownFileType = text.json; path = Pharmacies.json; sourceTree = "<group>"; };
		70C4AE1E1855E8FB00BD0E8B /* Visits.json */ = {isa = PBXFileReference; fileEncoding = 4; lastKnownFileType = text.json; path = Visits.json; sourceTree = "<group>"; };
		70DE577F1862F59A00123B1E /* SaleHeader.xib */ = {isa = PBXFileReference; fileEncoding = 4; lastKnownFileType = file.xib; path = SaleHeader.xib; sourceTree = "<group>"; };
		82182041B3C04DD69CCC4ACA /* libPods.a */ = {isa = PBXFileReference; explicitFileType = archive.ar; includeInIndex = 0; path = libPods.a; sourceTree = BUILT_PRODUCTS_DIR; };
/* End PBXFileReference section */

/* Begin PBXFrameworksBuildPhase section */
		70043F7A1855A70A006138CC /* Frameworks */ = {
			isa = PBXFrameworksBuildPhase;
			buildActionMask = 2147483647;
			files = (
				70AEE91D18630D4D00148B0A /* libxml2.dylib in Frameworks */,
				70A2BA4B18630D100028E1E6 /* libz.dylib in Frameworks */,
				70A2BA4918630C960028E1E6 /* libstdc++.dylib in Frameworks */,
				702FEBD51858A3E2009A95BA /* CoreData.framework in Frameworks */,
				70043F831855A70A006138CC /* CoreGraphics.framework in Frameworks */,
				70043F851855A70A006138CC /* UIKit.framework in Frameworks */,
				70043F811855A70A006138CC /* Foundation.framework in Frameworks */,
				E409309283D4489A899AFC48 /* libPods.a in Frameworks */,
			);
			runOnlyForDeploymentPostprocessing = 0;
		};
		70043F9B1855A70A006138CC /* Frameworks */ = {
			isa = PBXFrameworksBuildPhase;
			buildActionMask = 2147483647;
			files = (
				70043FA01855A70A006138CC /* XCTest.framework in Frameworks */,
				70043FA21855A70A006138CC /* UIKit.framework in Frameworks */,
				70043FA11855A70A006138CC /* Foundation.framework in Frameworks */,
			);
			runOnlyForDeploymentPostprocessing = 0;
		};
/* End PBXFrameworksBuildPhase section */

/* Begin PBXGroup section */
		70043F741855A70A006138CC = {
			isa = PBXGroup;
			children = (
				70C4AE051855C24300BD0E8B /* Model */,
				70043F861855A70A006138CC /* CRM */,
				70043FA51855A70A006138CC /* CRMTests */,
				70043F7F1855A70A006138CC /* Frameworks */,
				70043F7E1855A70A006138CC /* Products */,
				52792385F4584DFA8DBE0ED0 /* Pods.xcconfig */,
			);
			sourceTree = "<group>";
		};
		70043F7E1855A70A006138CC /* Products */ = {
			isa = PBXGroup;
			children = (
				70043F7D1855A70A006138CC /* CRM.app */,
				70043F9E1855A70A006138CC /* CRMTests.xctest */,
			);
			name = Products;
			sourceTree = "<group>";
		};
		70043F7F1855A70A006138CC /* Frameworks */ = {
			isa = PBXGroup;
			children = (
				70AEE91C18630D4D00148B0A /* libxml2.dylib */,
				70A2BA4A18630D100028E1E6 /* libz.dylib */,
				70A2BA4618630C960028E1E6 /* libstdc++.6.0.9.dylib */,
				70A2BA4718630C960028E1E6 /* libstdc++.dylib */,
				702FEBD41858A3E2009A95BA /* CoreData.framework */,
				70043F801855A70A006138CC /* Foundation.framework */,
				70043F821855A70A006138CC /* CoreGraphics.framework */,
				70043F841855A70A006138CC /* UIKit.framework */,
				70043F9F1855A70A006138CC /* XCTest.framework */,
				82182041B3C04DD69CCC4ACA /* libPods.a */,
			);
			name = Frameworks;
			sourceTree = "<group>";
		};
		70043F861855A70A006138CC /* CRM */ = {
			isa = PBXGroup;
			children = (
				70043F981855A70A006138CC /* Images.xcassets */,
				706745B51887EFDD00022D6B /* PopoverController.xib */,
				705B7A3A188419E7004F015F /* UIViewController+ShowModalFromView.h */,
				705B7A3B18841A06004F015F /* UIViewController+ShowModalFromView.m */,
				70043F871855A70A006138CC /* Supporting Files */,
				70DE577F1862F59A00123B1E /* SaleHeader.xib */,
				702FEBCF1858759D009A95BA /* SaleCell.h */,
				702FEBD01858759D009A95BA /* SaleCell.m */,
				702FEBD2185875B6009A95BA /* SaleCell.xib */,
				70541E711886D36A00B9C64A /* ParticipantCell.h */,
				70541E721886D36A00B9C64A /* ParticipantCell.m */,
				70541E731886D36A00B9C64A /* ParticipantCell.xib */,
				702FEBAD18573FC6009A95BA /* ParticipantsViewController.h */,
				702FEBAE18573FC6009A95BA /* ParticipantsViewController.m */,
				70541E6F1886CEFE00B9C64A /* ParticipantsViewController.xib */,
				702FEBB218574392009A95BA /* BrandsViewController.h */,
				702FEBB318574392009A95BA /* BrandsViewController.m */,
				70541E761886D86000B9C64A /* BrandsViewController.xib */,
				70043F8F1855A70A006138CC /* AppDelegate.h */,
				70043F901855A70A006138CC /* AppDelegate.m */,
				70043F951855A70A006138CC /* ViewController.h */,
				70043F961855A70A006138CC /* ViewController.m */,
				702FEBC218585656009A95BA /* LoginViewController.h */,
				702FEBC318585656009A95BA /* LoginViewController.m */,
				702FEBC418585656009A95BA /* LoginViewController.xib */,
				70C4ADED1855AB3800BD0E8B /* SidePanelController.h */,
				70C4ADEE1855AB3800BD0E8B /* SidePanelController.m */,
				70C4ADEF1855AB3800BD0E8B /* SidePanelController.xib */,
				7071FFD9185709F300EF352D /* NewPharmacyViewController.h */,
				7071FFDA185709F300EF352D /* NewPharmacyViewController.m */,
				7071FFDB185709F300EF352D /* NewPharmacyViewController.xib */,
				70C4ADF21855AB6000BD0E8B /* VisitsViewController.h */,
				70C4ADF31855AB6000BD0E8B /* VisitsViewController.m */,
				70C4ADF41855AB6000BD0E8B /* VisitsViewController.xib */,
				706745BC18881D9E00022D6B /* ModalNavigationController.h */,
				706745BD18881D9E00022D6B /* ModalNavigationController.m */,
				706745D41889796400022D6B /* TopicSideCell.h */,
				706745D51889796400022D6B /* TopicSideCell.m */,
				706745D71889798900022D6B /* TopicSideCell.xib */,
				70541E781887B9C100B9C64A /* SelectPharmacyViewController.h */,
				70541E791887B9C100B9C64A /* SelectPharmacyViewController.m */,
				70541E7B1887D35C00B9C64A /* SelectPharmacyViewController.xib */,
				70541E651886895600B9C64A /* VisitsCell.h */,
				70541E661886895600B9C64A /* VisitsCell.m */,
				70541E681886896700B9C64A /* VisitsCell.xib */,
				70541E6A1886C36D00B9C64A /* PharmaciesCell.h */,
				70541E6B1886C36D00B9C64A /* PharmaciesCell.m */,
				70541E6C1886C36D00B9C64A /* PharmaciesCell.xib */,
				702FEBBF185752BB009A95BA /* ChoiseTableController.h */,
				702FEBC0185752BB009A95BA /* ChoiseTableController.m */,
				702FEBBA18574CA0009A95BA /* NewBrandViewController.h */,
				702FEBBB18574CA0009A95BA /* NewBrandViewController.m */,
				702FEBBC18574CA0009A95BA /* NewBrandViewController.xib */,
				702FEBB518574442009A95BA /* NewParticipantViewController.h */,
				702FEBB618574442009A95BA /* NewParticipantViewController.m */,
				702FEBB718574442009A95BA /* NewParticipantViewController.xib */,
				7071FFD4185707A300EF352D /* NewVisitViewController.h */,
				7071FFD5185707A300EF352D /* NewVisitViewController.m */,
				7071FFD6185707A300EF352D /* NewVisitViewController.xib */,
				70C4ADF71855ABD300BD0E8B /* VisitViewController.h */,
				70C4ADF81855ABD300BD0E8B /* VisitViewController.m */,
				70C4ADF91855ABD300BD0E8B /* VisitViewController.xib */,
				7071FFCE185612C700EF352D /* PharmacyViewController.xib */,
				7071FFC718560D4500EF352D /* SalesViewController.h */,
				7071FFC818560D4500EF352D /* SalesViewController.m */,
				7071FFC918560D4500EF352D /* SalesViewController.xib */,
				70C4AE001855B4BF00BD0E8B /* PharmaciesViewController.h */,
				70C4AE011855B4BF00BD0E8B /* PharmaciesViewController.m */,
				70C4AE021855B4BF00BD0E8B /* PharmaciesViewController.xib */,
				7071FFCC185612C700EF352D /* PharmacyViewController.h */,
				7071FFCD185612C700EF352D /* PharmacyViewController.m */,
				7071FFD1185616FB00EF352D /* CustomSplitController.h */,
				7071FFD2185616FB00EF352D /* CustomSplitController.m */,
				70AEE91E1863103800148B0A /* MapViewController.h */,
				70AEE91F1863103800148B0A /* MapViewController.m */,
				70AEE9201863103800148B0A /* MapViewController.xib */,
				70B188861868449300C5A211 /* MapAnnotation.h */,
				70B188871868449300C5A211 /* MapAnnotation.m */,
				70B1887F1864538800C5A211 /* RaptureXMLResponseSerializer.h */,
				70B188801864538800C5A211 /* RaptureXMLResponseSerializer.m */,
			);
			path = CRM;
			sourceTree = "<group>";
		};
		70043F871855A70A006138CC /* Supporting Files */ = {
			isa = PBXGroup;
			children = (
				70043F881855A70A006138CC /* CRM-Info.plist */,
				70043F891855A70A006138CC /* InfoPlist.strings */,
				70043F8C1855A70A006138CC /* main.m */,
				70043F8E1855A70A006138CC /* CRM-Prefix.pch */,
			);
			name = "Supporting Files";
			sourceTree = "<group>";
		};
		70043FA51855A70A006138CC /* CRMTests */ = {
			isa = PBXGroup;
			children = (
				70043FAB1855A70A006138CC /* CRMTests.m */,
				70043FA61855A70A006138CC /* Supporting Files */,
			);
			path = CRMTests;
			sourceTree = "<group>";
		};
		70043FA61855A70A006138CC /* Supporting Files */ = {
			isa = PBXGroup;
			children = (
				70043FA71855A70A006138CC /* CRMTests-Info.plist */,
				70043FA81855A70A006138CC /* InfoPlist.strings */,
			);
			name = "Supporting Files";
			sourceTree = "<group>";
		};
		70C4AE051855C24300BD0E8B /* Model */ = {
			isa = PBXGroup;
			children = (
				702FEBD91858AA2D009A95BA /* Conference.h */,
				702FEBDA1858AA2D009A95BA /* Conference.m */,
				702FEBDB1858AA2D009A95BA /* Visit.h */,
				702FEBDC1858AA2D009A95BA /* Visit.m */,
				702FEBDF1858AA2D009A95BA /* Pharmacy.h */,
				702FEBE01858AA2D009A95BA /* Pharmacy.m */,
				702FEBE11858AA2D009A95BA /* Drug.h */,
				702FEBE21858AA2D009A95BA /* Drug.m */,
				702FEBE31858AA2D009A95BA /* Sale.h */,
				702FEBE41858AA2D009A95BA /* Sale.m */,
				702FEBE51858AA2D009A95BA /* Participant.h */,
				702FEBE61858AA2D009A95BA /* Participant.m */,
				702FEBE71858AA2D009A95BA /* Brand.h */,
				702FEBE81858AA2D009A95BA /* Brand.m */,
				702FEBF41858ADCC009A95BA /* User.h */,
				702FEBF51858ADCC009A95BA /* User.m */,
				70C4AE181855E8FB00BD0E8B /* JSON */,
				702FEBD61858A6B7009A95BA /* MainDatabase.xcdatamodeld */,
			);
			name = Model;
			sourceTree = "<group>";
		};
		70C4AE181855E8FB00BD0E8B /* JSON */ = {
			isa = PBXGroup;
			children = (
				702FEBC718586458009A95BA /* Users.json */,
				70C4AE191855E8FB00BD0E8B /* Brands.json */,
				70C4AE1A1855E8FB00BD0E8B /* Conferences.json */,
				70C4AE1B1855E8FB00BD0E8B /* Drugs.json */,
				70C4AE1C1855E8FB00BD0E8B /* Participants.json */,
				70C4AE1D1855E8FB00BD0E8B /* Pharmacies.json */,
				70C4AE1E1855E8FB00BD0E8B /* Visits.json */,
			);
			path = JSON;
			sourceTree = "<group>";
		};
/* End PBXGroup section */

/* Begin PBXNativeTarget section */
		70043F7C1855A70A006138CC /* CRM */ = {
			isa = PBXNativeTarget;
			buildConfigurationList = 70043FAF1855A70A006138CC /* Build configuration list for PBXNativeTarget "CRM" */;
			buildPhases = (
				3526DB206C4A4CF9B8AFC666 /* Check Pods Manifest.lock */,
				70043F791855A70A006138CC /* Sources */,
				70043F7A1855A70A006138CC /* Frameworks */,
				70043F7B1855A70A006138CC /* Resources */,
				ED023DA91BF248488370644F /* Copy Pods Resources */,
			);
			buildRules = (
			);
			dependencies = (
			);
			name = CRM;
			productName = CRM;
			productReference = 70043F7D1855A70A006138CC /* CRM.app */;
			productType = "com.apple.product-type.application";
		};
		70043F9D1855A70A006138CC /* CRMTests */ = {
			isa = PBXNativeTarget;
			buildConfigurationList = 70043FB21855A70A006138CC /* Build configuration list for PBXNativeTarget "CRMTests" */;
			buildPhases = (
				70043F9A1855A70A006138CC /* Sources */,
				70043F9B1855A70A006138CC /* Frameworks */,
				70043F9C1855A70A006138CC /* Resources */,
			);
			buildRules = (
			);
			dependencies = (
				70043FA41855A70A006138CC /* PBXTargetDependency */,
			);
			name = CRMTests;
			productName = CRMTests;
			productReference = 70043F9E1855A70A006138CC /* CRMTests.xctest */;
			productType = "com.apple.product-type.bundle.unit-test";
		};
/* End PBXNativeTarget section */

/* Begin PBXProject section */
		70043F751855A70A006138CC /* Project object */ = {
			isa = PBXProject;
			attributes = {
				LastUpgradeCheck = 0500;
				ORGANIZATIONNAME = Nestline;
				TargetAttributes = {
					70043F9D1855A70A006138CC = {
						TestTargetID = 70043F7C1855A70A006138CC;
					};
				};
			};
			buildConfigurationList = 70043F781855A70A006138CC /* Build configuration list for PBXProject "CRM" */;
			compatibilityVersion = "Xcode 3.2";
			developmentRegion = English;
			hasScannedForEncodings = 0;
			knownRegions = (
				en,
				Base,
			);
			mainGroup = 70043F741855A70A006138CC;
			productRefGroup = 70043F7E1855A70A006138CC /* Products */;
			projectDirPath = "";
			projectRoot = "";
			targets = (
				70043F7C1855A70A006138CC /* CRM */,
				70043F9D1855A70A006138CC /* CRMTests */,
			);
		};
/* End PBXProject section */

/* Begin PBXResourcesBuildPhase section */
		70043F7B1855A70A006138CC /* Resources */ = {
			isa = PBXResourcesBuildPhase;
			buildActionMask = 2147483647;
			files = (
				706745B61887EFDD00022D6B /* PopoverController.xib in Resources */,
				70541E6E1886C36D00B9C64A /* PharmaciesCell.xib in Resources */,
				70043F991855A70A006138CC /* Images.xcassets in Resources */,
				7071FFCB18560D4500EF352D /* SalesViewController.xib in Resources */,
				702FEBD3185875B6009A95BA /* SaleCell.xib in Resources */,
				70541E771886D86000B9C64A /* BrandsViewController.xib in Resources */,
				70C4ADF11855AB3800BD0E8B /* SidePanelController.xib in Resources */,
				70541E701886CEFE00B9C64A /* ParticipantsViewController.xib in Resources */,
				702FEBC618585656009A95BA /* LoginViewController.xib in Resources */,
				70DE57801862F59A00123B1E /* SaleHeader.xib in Resources */,
				70541E691886896700B9C64A /* VisitsCell.xib in Resources */,
				702FEBBE18574CA0009A95BA /* NewBrandViewController.xib in Resources */,
				706745D81889798900022D6B /* TopicSideCell.xib in Resources */,
				7071FFD0185612C700EF352D /* PharmacyViewController.xib in Resources */,
				70C4AE231855E8FB00BD0E8B /* Pharmacies.json in Resources */,
				70C4ADF61855AB6000BD0E8B /* VisitsViewController.xib in Resources */,
				70C4AE211855E8FB00BD0E8B /* Drugs.json in Resources */,
				70C4AE241855E8FB00BD0E8B /* Visits.json in Resources */,
				70C4AE201855E8FB00BD0E8B /* Conferences.json in Resources */,
				702FEBB918574442009A95BA /* NewParticipantViewController.xib in Resources */,
				70AEE9221863103800148B0A /* MapViewController.xib in Resources */,
				70541E7C1887D35D00B9C64A /* SelectPharmacyViewController.xib in Resources */,
				70541E751886D36A00B9C64A /* ParticipantCell.xib in Resources */,
				70C4AE041855B4BF00BD0E8B /* PharmaciesViewController.xib in Resources */,
				7071FFD8185707A300EF352D /* NewVisitViewController.xib in Resources */,
				70C4AE1F1855E8FB00BD0E8B /* Brands.json in Resources */,
				7071FFDD185709F300EF352D /* NewPharmacyViewController.xib in Resources */,
				702FEBC818586458009A95BA /* Users.json in Resources */,
				70C4ADFB1855ABD300BD0E8B /* VisitViewController.xib in Resources */,
				70043F8B1855A70A006138CC /* InfoPlist.strings in Resources */,
				70C4AE221855E8FB00BD0E8B /* Participants.json in Resources */,
			);
			runOnlyForDeploymentPostprocessing = 0;
		};
		70043F9C1855A70A006138CC /* Resources */ = {
			isa = PBXResourcesBuildPhase;
			buildActionMask = 2147483647;
			files = (
				70043FAA1855A70A006138CC /* InfoPlist.strings in Resources */,
			);
			runOnlyForDeploymentPostprocessing = 0;
		};
/* End PBXResourcesBuildPhase section */

/* Begin PBXShellScriptBuildPhase section */
		3526DB206C4A4CF9B8AFC666 /* Check Pods Manifest.lock */ = {
			isa = PBXShellScriptBuildPhase;
			buildActionMask = 2147483647;
			files = (
			);
			inputPaths = (
			);
			name = "Check Pods Manifest.lock";
			outputPaths = (
			);
			runOnlyForDeploymentPostprocessing = 0;
			shellPath = /bin/sh;
			shellScript = "diff \"${PODS_ROOT}/../Podfile.lock\" \"${PODS_ROOT}/Manifest.lock\" > /dev/null\nif [[ $? != 0 ]] ; then\n    cat << EOM\nerror: The sandbox is not in sync with the Podfile.lock. Run 'pod install' or update your CocoaPods installation.\nEOM\n    exit 1\nfi\n";
			showEnvVarsInLog = 0;
		};
		ED023DA91BF248488370644F /* Copy Pods Resources */ = {
			isa = PBXShellScriptBuildPhase;
			buildActionMask = 2147483647;
			files = (
			);
			inputPaths = (
			);
			name = "Copy Pods Resources";
			outputPaths = (
			);
			runOnlyForDeploymentPostprocessing = 0;
			shellPath = /bin/sh;
			shellScript = "\"${SRCROOT}/Pods/Pods-resources.sh\"\n";
			showEnvVarsInLog = 0;
		};
/* End PBXShellScriptBuildPhase section */

/* Begin PBXSourcesBuildPhase section */
		70043F791855A70A006138CC /* Sources */ = {
			isa = PBXSourcesBuildPhase;
			buildActionMask = 2147483647;
			files = (
				702FEBEE1858AA2D009A95BA /* Sale.m in Sources */,
				7071FFDC185709F300EF352D /* NewPharmacyViewController.m in Sources */,
				702FEBE91858AA2D009A95BA /* Conference.m in Sources */,
				70043F971855A70A006138CC /* ViewController.m in Sources */,
				706745D61889796400022D6B /* TopicSideCell.m in Sources */,
				705B7A3C18841A06004F015F /* UIViewController+ShowModalFromView.m in Sources */,
				70541E7A1887B9C100B9C64A /* SelectPharmacyViewController.m in Sources */,
				70C4ADF51855AB6000BD0E8B /* VisitsViewController.m in Sources */,
				702FEBC1185752BB009A95BA /* ChoiseTableController.m in Sources */,
				70B188881868449300C5A211 /* MapAnnotation.m in Sources */,
				70541E6D1886C36D00B9C64A /* PharmaciesCell.m in Sources */,
				70C4ADFA1855ABD300BD0E8B /* VisitViewController.m in Sources */,
				702FEBC518585656009A95BA /* LoginViewController.m in Sources */,
				702FEBF61858ADCC009A95BA /* User.m in Sources */,
				702FEBD81858A6B7009A95BA /* MainDatabase.xcdatamodeld in Sources */,
				70C4ADF01855AB3800BD0E8B /* SidePanelController.m in Sources */,
				706745BE18881D9E00022D6B /* ModalNavigationController.m in Sources */,
				702FEBEA1858AA2D009A95BA /* Visit.m in Sources */,
				702FEBED1858AA2D009A95BA /* Drug.m in Sources */,
				702FEBEC1858AA2D009A95BA /* Pharmacy.m in Sources */,
				702FEBB818574442009A95BA /* NewParticipantViewController.m in Sources */,
				7071FFCA18560D4500EF352D /* SalesViewController.m in Sources */,
				7071FFD7185707A300EF352D /* NewVisitViewController.m in Sources */,
				70541E741886D36A00B9C64A /* ParticipantCell.m in Sources */,
				7071FFCF185612C700EF352D /* PharmacyViewController.m in Sources */,
				70B188811864538800C5A211 /* RaptureXMLResponseSerializer.m in Sources */,
				70043F911855A70A006138CC /* AppDelegate.m in Sources */,
				702FEBD11858759D009A95BA /* SaleCell.m in Sources */,
				702FEBB418574392009A95BA /* BrandsViewController.m in Sources */,
				702FEBEF1858AA2D009A95BA /* Participant.m in Sources */,
				702FEBBD18574CA0009A95BA /* NewBrandViewController.m in Sources */,
				70AEE9211863103800148B0A /* MapViewController.m in Sources */,
				702FEBB018573FC6009A95BA /* ParticipantsViewController.m in Sources */,
				7071FFD3185616FB00EF352D /* CustomSplitController.m in Sources */,
				70541E671886895600B9C64A /* VisitsCell.m in Sources */,
				702FEBF01858AA2D009A95BA /* Brand.m in Sources */,
				70043F8D1855A70A006138CC /* main.m in Sources */,
				70C4AE031855B4BF00BD0E8B /* PharmaciesViewController.m in Sources */,
			);
			runOnlyForDeploymentPostprocessing = 0;
		};
		70043F9A1855A70A006138CC /* Sources */ = {
			isa = PBXSourcesBuildPhase;
			buildActionMask = 2147483647;
			files = (
				70043FAC1855A70A006138CC /* CRMTests.m in Sources */,
			);
			runOnlyForDeploymentPostprocessing = 0;
		};
/* End PBXSourcesBuildPhase section */

/* Begin PBXTargetDependency section */
		70043FA41855A70A006138CC /* PBXTargetDependency */ = {
			isa = PBXTargetDependency;
			target = 70043F7C1855A70A006138CC /* CRM */;
			targetProxy = 70043FA31855A70A006138CC /* PBXContainerItemProxy */;
		};
/* End PBXTargetDependency section */

/* Begin PBXVariantGroup section */
		70043F891855A70A006138CC /* InfoPlist.strings */ = {
			isa = PBXVariantGroup;
			children = (
				70043F8A1855A70A006138CC /* en */,
			);
			name = InfoPlist.strings;
			sourceTree = "<group>";
		};
		70043FA81855A70A006138CC /* InfoPlist.strings */ = {
			isa = PBXVariantGroup;
			children = (
				70043FA91855A70A006138CC /* en */,
			);
			name = InfoPlist.strings;
			sourceTree = "<group>";
		};
/* End PBXVariantGroup section */

/* Begin XCBuildConfiguration section */
		70043FAD1855A70A006138CC /* Debug */ = {
			isa = XCBuildConfiguration;
			buildSettings = {
				ALWAYS_SEARCH_USER_PATHS = NO;
				ARCHS = "$(ARCHS_STANDARD_INCLUDING_64_BIT)";
				CLANG_CXX_LANGUAGE_STANDARD = "gnu++0x";
				CLANG_CXX_LIBRARY = "libc++";
				CLANG_ENABLE_MODULES = YES;
				CLANG_ENABLE_OBJC_ARC = YES;
				CLANG_WARN_BOOL_CONVERSION = YES;
				CLANG_WARN_CONSTANT_CONVERSION = YES;
				CLANG_WARN_DIRECT_OBJC_ISA_USAGE = YES_ERROR;
				CLANG_WARN_EMPTY_BODY = YES;
				CLANG_WARN_ENUM_CONVERSION = YES;
				CLANG_WARN_INT_CONVERSION = YES;
				CLANG_WARN_OBJC_ROOT_CLASS = YES_ERROR;
				CLANG_WARN__DUPLICATE_METHOD_MATCH = YES;
				"CODE_SIGN_IDENTITY[sdk=iphoneos*]" = "iPhone Developer";
				COPY_PHASE_STRIP = NO;
				GCC_C_LANGUAGE_STANDARD = gnu99;
				GCC_DYNAMIC_NO_PIC = NO;
				GCC_OPTIMIZATION_LEVEL = 0;
				GCC_PREPROCESSOR_DEFINITIONS = (
					"DEBUG=1",
					"$(inherited)",
				);
				GCC_SYMBOLS_PRIVATE_EXTERN = NO;
				GCC_WARN_64_TO_32_BIT_CONVERSION = YES;
				GCC_WARN_ABOUT_RETURN_TYPE = YES_ERROR;
				GCC_WARN_UNDECLARED_SELECTOR = YES;
				GCC_WARN_UNINITIALIZED_AUTOS = YES;
				GCC_WARN_UNUSED_FUNCTION = YES;
				GCC_WARN_UNUSED_VARIABLE = YES;
				IPHONEOS_DEPLOYMENT_TARGET = 7.0;
				MOMC_NO_INVERSE_RELATIONSHIP_WARNINGS = YES;
				ONLY_ACTIVE_ARCH = YES;
				SDKROOT = iphoneos;
				TARGETED_DEVICE_FAMILY = 2;
			};
			name = Debug;
		};
		70043FAE1855A70A006138CC /* Release */ = {
			isa = XCBuildConfiguration;
			buildSettings = {
				ALWAYS_SEARCH_USER_PATHS = NO;
				ARCHS = "$(ARCHS_STANDARD_INCLUDING_64_BIT)";
				CLANG_CXX_LANGUAGE_STANDARD = "gnu++0x";
				CLANG_CXX_LIBRARY = "libc++";
				CLANG_ENABLE_MODULES = YES;
				CLANG_ENABLE_OBJC_ARC = YES;
				CLANG_WARN_BOOL_CONVERSION = YES;
				CLANG_WARN_CONSTANT_CONVERSION = YES;
				CLANG_WARN_DIRECT_OBJC_ISA_USAGE = YES_ERROR;
				CLANG_WARN_EMPTY_BODY = YES;
				CLANG_WARN_ENUM_CONVERSION = YES;
				CLANG_WARN_INT_CONVERSION = YES;
				CLANG_WARN_OBJC_ROOT_CLASS = YES_ERROR;
				CLANG_WARN__DUPLICATE_METHOD_MATCH = YES;
				"CODE_SIGN_IDENTITY[sdk=iphoneos*]" = "iPhone Developer";
				COPY_PHASE_STRIP = YES;
				ENABLE_NS_ASSERTIONS = NO;
				GCC_C_LANGUAGE_STANDARD = gnu99;
				GCC_WARN_64_TO_32_BIT_CONVERSION = YES;
				GCC_WARN_ABOUT_RETURN_TYPE = YES_ERROR;
				GCC_WARN_UNDECLARED_SELECTOR = YES;
				GCC_WARN_UNINITIALIZED_AUTOS = YES;
				GCC_WARN_UNUSED_FUNCTION = YES;
				GCC_WARN_UNUSED_VARIABLE = YES;
				IPHONEOS_DEPLOYMENT_TARGET = 7.0;
				MOMC_NO_INVERSE_RELATIONSHIP_WARNINGS = YES;
				SDKROOT = iphoneos;
				TARGETED_DEVICE_FAMILY = 2;
				VALIDATE_PRODUCT = YES;
			};
			name = Release;
		};
		70043FB01855A70A006138CC /* Debug */ = {
			isa = XCBuildConfiguration;
			baseConfigurationReference = 52792385F4584DFA8DBE0ED0 /* Pods.xcconfig */;
			buildSettings = {
				ARCHS = "$(ARCHS_STANDARD)";
				ASSETCATALOG_COMPILER_APPICON_NAME = AppIcon;
				ASSETCATALOG_COMPILER_LAUNCHIMAGE_NAME = LaunchImage;
				CODE_SIGN_IDENTITY = "iPhone Developer: Damir Samigullin (7GJNQ4MWXT)";
				GCC_PRECOMPILE_PREFIX_HEADER = YES;
				GCC_PREFIX_HEADER = "CRM/CRM-Prefix.pch";
				INFOPLIST_FILE = "CRM/CRM-Info.plist";
				IPHONEOS_DEPLOYMENT_TARGET = 6.0;
				MOMC_NO_INVERSE_RELATIONSHIP_WARNINGS = NO;
				MOMC_NO_WARNINGS = NO;
				PRODUCT_NAME = "$(TARGET_NAME)";
				WRAPPER_EXTENSION = app;
			};
			name = Debug;
		};
		70043FB11855A70A006138CC /* Release */ = {
			isa = XCBuildConfiguration;
			baseConfigurationReference = 52792385F4584DFA8DBE0ED0 /* Pods.xcconfig */;
			buildSettings = {
				ARCHS = "$(ARCHS_STANDARD)";
				ASSETCATALOG_COMPILER_APPICON_NAME = AppIcon;
				ASSETCATALOG_COMPILER_LAUNCHIMAGE_NAME = LaunchImage;
				CODE_SIGN_IDENTITY = "iPhone Developer: Damir Samigullin (7GJNQ4MWXT)";
				GCC_PRECOMPILE_PREFIX_HEADER = YES;
				GCC_PREFIX_HEADER = "CRM/CRM-Prefix.pch";
				INFOPLIST_FILE = "CRM/CRM-Info.plist";
				IPHONEOS_DEPLOYMENT_TARGET = 6.0;
				MOMC_NO_INVERSE_RELATIONSHIP_WARNINGS = NO;
				MOMC_NO_WARNINGS = NO;
				PRODUCT_NAME = "$(TARGET_NAME)";
				WRAPPER_EXTENSION = app;
			};
			name = Release;
		};
		70043FB31855A70A006138CC /* Debug */ = {
			isa = XCBuildConfiguration;
			buildSettings = {
				ARCHS = "$(ARCHS_STANDARD_INCLUDING_64_BIT)";
				BUNDLE_LOADER = "$(BUILT_PRODUCTS_DIR)/CRM.app/CRM";
				FRAMEWORK_SEARCH_PATHS = (
					"$(SDKROOT)/Developer/Library/Frameworks",
					"$(inherited)",
					"$(DEVELOPER_FRAMEWORKS_DIR)",
				);
				GCC_PRECOMPILE_PREFIX_HEADER = YES;
				GCC_PREFIX_HEADER = "CRM/CRM-Prefix.pch";
				GCC_PREPROCESSOR_DEFINITIONS = (
					"DEBUG=1",
					"$(inherited)",
				);
				INFOPLIST_FILE = "CRMTests/CRMTests-Info.plist";
				PRODUCT_NAME = "$(TARGET_NAME)";
				TEST_HOST = "$(BUNDLE_LOADER)";
				WRAPPER_EXTENSION = xctest;
			};
			name = Debug;
		};
		70043FB41855A70A006138CC /* Release */ = {
			isa = XCBuildConfiguration;
			buildSettings = {
				ARCHS = "$(ARCHS_STANDARD_INCLUDING_64_BIT)";
				BUNDLE_LOADER = "$(BUILT_PRODUCTS_DIR)/CRM.app/CRM";
				FRAMEWORK_SEARCH_PATHS = (
					"$(SDKROOT)/Developer/Library/Frameworks",
					"$(inherited)",
					"$(DEVELOPER_FRAMEWORKS_DIR)",
				);
				GCC_PRECOMPILE_PREFIX_HEADER = YES;
				GCC_PREFIX_HEADER = "CRM/CRM-Prefix.pch";
				INFOPLIST_FILE = "CRMTests/CRMTests-Info.plist";
				PRODUCT_NAME = "$(TARGET_NAME)";
				TEST_HOST = "$(BUNDLE_LOADER)";
				WRAPPER_EXTENSION = xctest;
			};
			name = Release;
		};
/* End XCBuildConfiguration section */

/* Begin XCConfigurationList section */
		70043F781855A70A006138CC /* Build configuration list for PBXProject "CRM" */ = {
			isa = XCConfigurationList;
			buildConfigurations = (
				70043FAD1855A70A006138CC /* Debug */,
				70043FAE1855A70A006138CC /* Release */,
			);
			defaultConfigurationIsVisible = 0;
			defaultConfigurationName = Release;
		};
		70043FAF1855A70A006138CC /* Build configuration list for PBXNativeTarget "CRM" */ = {
			isa = XCConfigurationList;
			buildConfigurations = (
				70043FB01855A70A006138CC /* Debug */,
				70043FB11855A70A006138CC /* Release */,
			);
			defaultConfigurationIsVisible = 0;
			defaultConfigurationName = Release;
		};
		70043FB21855A70A006138CC /* Build configuration list for PBXNativeTarget "CRMTests" */ = {
			isa = XCConfigurationList;
			buildConfigurations = (
				70043FB31855A70A006138CC /* Debug */,
				70043FB41855A70A006138CC /* Release */,
			);
			defaultConfigurationIsVisible = 0;
			defaultConfigurationName = Release;
		};
/* End XCConfigurationList section */

/* Begin XCVersionGroup section */
		702FEBD61858A6B7009A95BA /* MainDatabase.xcdatamodeld */ = {
			isa = XCVersionGroup;
			children = (
				702FEBD71858A6B7009A95BA /* MainDatabase.xcdatamodel */,
			);
			currentVersion = 702FEBD71858A6B7009A95BA /* MainDatabase.xcdatamodel */;
			name = MainDatabase.xcdatamodeld;
			path = CRM/Model/MainDatabase.xcdatamodeld;
			sourceTree = "<group>";
			versionGroupType = wrapper.xcdatamodel;
		};
/* End XCVersionGroup section */
	};
	rootObject = 70043F751855A70A006138CC /* Project object */;
}
